
Microsoft Visual Studio Solution File, Format Version 12.00
# Visual Studio 2012
Project("{8BC9CEB8-8B4A-11D0-8D11-00A0C91BC942}") = "CSS_Internal_SDK", "CSS_Internal_SDK\CSS_Internal_SDK.vcxproj", "{7E52137E-0515-4B42-9E76-344944B092E6}"
EndProject
Global
	GlobalSection(SolutionConfigurationPlatforms) = preSolution
		Debug|Win32 = Debug|Win32
		Release|Win32 = Release|Win32
	EndGlobalSection
	GlobalSection(ProjectConfigurationPlatforms) = postSolution
		{7E52137E-0515-4B42-9E76-344944B092E6}.Debug|Win32.ActiveCfg = Release|Win32
		{7E52137E-0515-4B42-9E76-344944B092E6}.Debug|Win32.Build.0 = Release|Win32
		{7E52137E-0515-4B42-9E76-344944B092E6}.Release|Win32.ActiveCfg = Release|Win32
		{7E52137E-0515-4B42-9E76-344944B092E6}.Release|Win32.Build.0 = Release|Win32
	EndGlobalSection
	GlobalSection(SolutionProperties) = preSolution
		HideSolutionNode = FALSE
	EndGlobalSection
EndGlobal
